
Microsoft Visual Studio Solution File, Format Version 11.00
# Visual Studio 2010
Project("{FAE04EC0-301F-11D3-BF4B-00C04F79EFBC}") = "Assembly-CSharp", "Assembly-CSharp.csproj", "{913D81F0-7B4A-956E-A7ED-42CBC0E5F32B}"
EndProject
Project("{FAE04EC0-301F-11D3-BF4B-00C04F79EFBC}") = "Assembly-CSharp-Editor", "Assembly-CSharp-Editor.csproj", "{69650C8C-61DF-CC1F-8734-CDFFDF80E1E2}"
EndProject
Global
	GlobalSection(SolutionConfigurationPlatforms) = preSolution
		Debug|Any CPU = Debug|Any CPU
		Release|Any CPU = Release|Any CPU
	EndGlobalSection
	GlobalSection(ProjectConfigurationPlatforms) = postSolution
		{913D81F0-7B4A-956E-A7ED-42CBC0E5F32B}.Debug|Any CPU.ActiveCfg = Debug|Any CPU
		{913D81F0-7B4A-956E-A7ED-42CBC0E5F32B}.Debug|Any CPU.Build.0 = Debug|Any CPU
		{913D81F0-7B4A-956E-A7ED-42CBC0E5F32B}.Release|Any CPU.ActiveCfg = Release|Any CPU
		{913D81F0-7B4A-956E-A7ED-42CBC0E5F32B}.Release|Any CPU.Build.0 = Release|Any CPU
		{69650C8C-61DF-CC1F-8734-CDFFDF80E1E2}.Debug|Any CPU.ActiveCfg = Debug|Any CPU
		{69650C8C-61DF-CC1F-8734-CDFFDF80E1E2}.Debug|Any CPU.Build.0 = Debug|Any CPU
		{69650C8C-61DF-CC1F-8734-CDFFDF80E1E2}.Release|Any CPU.ActiveCfg = Release|Any CPU
		{69650C8C-61DF-CC1F-8734-CDFFDF80E1E2}.Release|Any CPU.Build.0 = Release|Any CPU
	EndGlobalSection
	GlobalSection(SolutionProperties) = preSolution
		HideSolutionNode = FALSE
	EndGlobalSection
	GlobalSection(MonoDevelopProperties) = preSolution
		StartupItem = Assembly-CSharp.csproj
	EndGlobalSection
EndGlobal
